{"1.2.0",
[{<<"jose">>,{pkg,<<"jose">>,<<"1.11.6">>},1},
 {<<"oidcc">>,{pkg,<<"oidcc">>,<<"3.1.1">>},0},
 {<<"telemetry">>,{pkg,<<"telemetry">>,<<"1.2.1">>},1},
 {<<"telemetry_registry">>,{pkg,<<"telemetry_registry">>,<<"0.3.1">>},1}]}.
[
{pkg_hash,[
 {<<"jose">>, <<"613FDA82552128AA6FB804682E3A616F4BC15565A048DABD05B1EBD5827ED965">>},
 {<<"oidcc">>, <<"4016F35F08131053BDDAAE3BF644A6B3CE33CF8B297E6F46D638005B3E68D8FD">>},
 {<<"telemetry">>, <<"68FDFE8D8F05A8428483A97D7AAB2F268AAFF24B49E0F599FAA091F1D4E7F61C">>},
 {<<"telemetry_registry">>, <<"14A3319A7D9027BDBFF7EBCACF1A438F5F5C903057B93AEE484CCA26F05BDCBA">>}]},
{pkg_hash_ext,[
 {<<"jose">>, <<"6275CB75504F9C1E60EEACB771ADFEEE4905A9E182103AA59B53FED651FF9738">>},
 {<<"oidcc">>, <<"4401959A3674071345C7A8041F3962DFCE68B588A9A270F927602DDE10A801C4">>},
 {<<"telemetry">>, <<"DAD9CE9D8EFFC621708F99EAC538EF1CBE05D6A874DD741DE2E689C47FEAFED5">>},
 {<<"telemetry_registry">>, <<"6D0CA77B691CF854ED074B459A93B87F4C7F5512F8F7743C635CA83DA81F939E">>}]}
].
